
Microsoft Visual Studio Solution File, Format Version 12.00
# Visual Studio Version 16
VisualStudioVersion = 16.0.31424.327
MinimumVisualStudioVersion = 10.0.40219.1
Project("{9A19103F-16F7-4668-BE54-9A1E7A4F7556}") = "Codewars", "Codewars\Codewars.csproj", "{5F65F842-A8B7-4A3C-87FD-6E2BDD8416EF}"
EndProject
Project("{FAE04EC0-301F-11D3-BF4B-00C04F79EFBC}") = "Tests", "Codewars.Tests\Tests.csproj", "{DC4D4D29-BFB1-41C5-9F30-4851CBD2A804}"
EndProject
Project("{FAE04EC0-301F-11D3-BF4B-00C04F79EFBC}") = "Educative", "Educative\Educative.csproj", "{50B8C4F5-74A6-4674-AE8F-601886F3BE47}"
EndProject
Global
	GlobalSection(SolutionConfigurationPlatforms) = preSolution
		Debug|Any CPU = Debug|Any CPU
		Release|Any CPU = Release|Any CPU
	EndGlobalSection
	GlobalSection(ProjectConfigurationPlatforms) = postSolution
		{5F65F842-A8B7-4A3C-87FD-6E2BDD8416EF}.Debug|Any CPU.ActiveCfg = Debug|Any CPU
		{5F65F842-A8B7-4A3C-87FD-6E2BDD8416EF}.Debug|Any CPU.Build.0 = Debug|Any CPU
		{5F65F842-A8B7-4A3C-87FD-6E2BDD8416EF}.Release|Any CPU.ActiveCfg = Release|Any CPU
		{5F65F842-A8B7-4A3C-87FD-6E2BDD8416EF}.Release|Any CPU.Build.0 = Release|Any CPU
		{DC4D4D29-BFB1-41C5-9F30-4851CBD2A804}.Debug|Any CPU.ActiveCfg = Debug|Any CPU
		{DC4D4D29-BFB1-41C5-9F30-4851CBD2A804}.Debug|Any CPU.Build.0 = Debug|Any CPU
		{DC4D4D29-BFB1-41C5-9F30-4851CBD2A804}.Release|Any CPU.ActiveCfg = Release|Any CPU
		{DC4D4D29-BFB1-41C5-9F30-4851CBD2A804}.Release|Any CPU.Build.0 = Release|Any CPU
		{50B8C4F5-74A6-4674-AE8F-601886F3BE47}.Debug|Any CPU.ActiveCfg = Debug|Any CPU
		{50B8C4F5-74A6-4674-AE8F-601886F3BE47}.Debug|Any CPU.Build.0 = Debug|Any CPU
		{50B8C4F5-74A6-4674-AE8F-601886F3BE47}.Release|Any CPU.ActiveCfg = Release|Any CPU
		{50B8C4F5-74A6-4674-AE8F-601886F3BE47}.Release|Any CPU.Build.0 = Release|Any CPU
	EndGlobalSection
	GlobalSection(SolutionProperties) = preSolution
		HideSolutionNode = FALSE
	EndGlobalSection
	GlobalSection(ExtensibilityGlobals) = postSolution
		SolutionGuid = {5FA437F4-50E6-4E38-9152-6B703F30950C}
	EndGlobalSection
EndGlobal
